PODS:
  - Bolts/Tasks (1.9.1)
  - Parse (1.17.3):
    - Parse/Core (= 1.17.3)
  - Parse/Core (1.17.3):
    - Bolts/Tasks (~> 1.9)

DEPENDENCIES:
  - Parse

SPEC REPOS:
  trunk:
    - Bolts
    - Parse

SPEC CHECKSUMS:
  Bolts: 8c1e8aab2f603387b8b9924f57d1d64f43d3ffdc
  Parse: c1ad2a04d2cab2b54b6fb7da05f741abf2cf57d1

PODFILE CHECKSUM: 0ef6fe13f861dbabc5e8bbaeb34915c6bc877589

COCOAPODS: 1.9.1
